
Microsoft Visual Studio Solution File, Format Version 12.00
# Visual Studio 2012
Project("{FAE04EC0-301F-11D3-BF4B-00C04F79EFBC}") = "lab1", "Uppgift1\lab1.csproj", "{0522BD91-4203-435B-ABED-42A0DA3E84DA}"
EndProject
Global
	GlobalSection(SolutionConfigurationPlatforms) = preSolution
		Debug|x86 = Debug|x86
		Release|x86 = Release|x86
	EndGlobalSection
	GlobalSection(ProjectConfigurationPlatforms) = postSolution
		{0522BD91-4203-435B-ABED-42A0DA3E84DA}.Debug|x86.ActiveCfg = Debug|x86
		{0522BD91-4203-435B-ABED-42A0DA3E84DA}.Debug|x86.Build.0 = Debug|x86
		{0522BD91-4203-435B-ABED-42A0DA3E84DA}.Release|x86.ActiveCfg = Release|x86
		{0522BD91-4203-435B-ABED-42A0DA3E84DA}.Release|x86.Build.0 = Release|x86
	EndGlobalSection
	GlobalSection(SolutionProperties) = preSolution
		HideSolutionNode = FALSE
	EndGlobalSection
EndGlobal
